{
  "name": "dev",
  "lockfileVersion": 2,
  "requires": true,
  "packages": {
    "": {
      "dependencies": {
        "mathjax-modern-font": "^1.0.0-beta.5",
        "mhchemparser": "^4.2.1",
        "mj-context-menu": "^0.8.1",
        "speech-rule-engine": "^4.1.0-beta.4"
      }
    },
    "node_modules/commander": {
      "version": "10.0.0",
      "resolved": "https://registry.npmjs.org/commander/-/commander-10.0.0.tgz",
      "integrity": "sha512-zS5PnTI22FIRM6ylNW8G4Ap0IEOyk62fhLSD0+uHRT9McRCLGpkVNvao4bjimpK/GShynyQkFFxHhwMcETmduA==",
      "engines": {
        "node": ">=14"
      }
    },
    "node_modules/mathjax-modern-font": {
      "version": "1.0.0-beta.5",
      "resolved": "https://registry.npmjs.org/mathjax-modern-font/-/mathjax-modern-font-1.0.0-beta.5.tgz",
      "integrity": "sha512-p3K+PgJ1cMfSo2WBxnqGVAB+DaC8Mf3MJK21WVYzFGz+suzQbT138a/SG3LUToazG8hxTVAHSd3GaMHO9JDTOw=="
    },
    "node_modules/mhchemparser": {
      "version": "4.2.1",
      "resolved": "https://registry.npmjs.org/mhchemparser/-/mhchemparser-4.2.1.tgz",
      "integrity": "sha512-kYmyrCirqJf3zZ9t/0wGgRZ4/ZJw//VwaRVGA75C4nhE60vtnIzhl9J9ndkX/h6hxSN7pjg/cE0VxbnNM+bnDQ=="
    },
    "node_modules/mj-context-menu": {
      "version": "0.8.1",
      "resolved": "https://registry.npmjs.org/mj-context-menu/-/mj-context-menu-0.8.1.tgz",
      "integrity": "sha512-Cp0dmdNaz2MKJvcw2N26mskCRjiHUwFkbgwqekxWa8AMudgjbzMtBn1QV+jWF97wJI8ZoN+da+0QL9oSeH26nA=="
    },
    "node_modules/speech-rule-engine": {
      "version": "4.1.0-beta.4",
      "resolved": "https://registry.npmjs.org/speech-rule-engine/-/speech-rule-engine-4.1.0-beta.4.tgz",
      "integrity": "sha512-l2T+VdNHzrqfjR8SGWEV/AGJusfAZ29uYfVV9nl+4G6VtmuuIEpXvRnFBliVvVWu+K4elZZKo9Ku4kN81zXgFQ==",
      "dependencies": {
        "commander": "10.0.0",
        "wicked-good-xpath": "1.3.0",
        "xmldom-sre": "^0.9.0-beta.7"
      },
      "bin": {
        "sre": "bin/sre"
      }
    },
    "node_modules/wicked-good-xpath": {
      "version": "1.3.0",
      "resolved": "https://registry.npmjs.org/wicked-good-xpath/-/wicked-good-xpath-1.3.0.tgz",
      "integrity": "sha512-Gd9+TUn5nXdwj/hFsPVx5cuHHiF5Bwuc30jZ4+ronF1qHK5O7HD0sgmXWSEgwKquT3ClLoKPVbO6qGwVwLzvAw=="
    },
    "node_modules/xmldom-sre": {
      "version": "0.9.0-beta.7",
      "resolved": "https://registry.npmjs.org/xmldom-sre/-/xmldom-sre-0.9.0-beta.7.tgz",
      "integrity": "sha512-4xlknhWYLHPm06WjIhZDt8ys5aljgP5Pf7jygUF8pw+cgC4QBEQIUFBjHhHUbykaHHi+KfbdzO47Wv/k7A+5DQ==",
      "engines": {
        "node": ">=10.0.0"
      }
    }
  },
  "dependencies": {
    "commander": {
      "version": "10.0.0",
      "resolved": "https://registry.npmjs.org/commander/-/commander-10.0.0.tgz",
      "integrity": "sha512-zS5PnTI22FIRM6ylNW8G4Ap0IEOyk62fhLSD0+uHRT9McRCLGpkVNvao4bjimpK/GShynyQkFFxHhwMcETmduA=="
    },
    "mathjax-modern-font": {
      "version": "1.0.0-beta.5",
      "resolved": "https://registry.npmjs.org/mathjax-modern-font/-/mathjax-modern-font-1.0.0-beta.5.tgz",
      "integrity": "sha512-p3K+PgJ1cMfSo2WBxnqGVAB+DaC8Mf3MJK21WVYzFGz+suzQbT138a/SG3LUToazG8hxTVAHSd3GaMHO9JDTOw=="
    },
    "mhchemparser": {
      "version": "4.2.1",
      "resolved": "https://registry.npmjs.org/mhchemparser/-/mhchemparser-4.2.1.tgz",
      "integrity": "sha512-kYmyrCirqJf3zZ9t/0wGgRZ4/ZJw//VwaRVGA75C4nhE60vtnIzhl9J9ndkX/h6hxSN7pjg/cE0VxbnNM+bnDQ=="
    },
    "mj-context-menu": {
      "version": "0.8.1",
      "resolved": "https://registry.npmjs.org/mj-context-menu/-/mj-context-menu-0.8.1.tgz",
      "integrity": "sha512-Cp0dmdNaz2MKJvcw2N26mskCRjiHUwFkbgwqekxWa8AMudgjbzMtBn1QV+jWF97wJI8ZoN+da+0QL9oSeH26nA=="
    },
    "speech-rule-engine": {
      "version": "4.1.0-beta.4",
      "resolved": "https://registry.npmjs.org/speech-rule-engine/-/speech-rule-engine-4.1.0-beta.4.tgz",
      "integrity": "sha512-l2T+VdNHzrqfjR8SGWEV/AGJusfAZ29uYfVV9nl+4G6VtmuuIEpXvRnFBliVvVWu+K4elZZKo9Ku4kN81zXgFQ==",
      "requires": {
        "commander": "10.0.0",
        "wicked-good-xpath": "1.3.0",
        "xmldom-sre": "^0.9.0-beta.7"
      }
    },
    "wicked-good-xpath": {
      "version": "1.3.0",
      "resolved": "https://registry.npmjs.org/wicked-good-xpath/-/wicked-good-xpath-1.3.0.tgz",
      "integrity": "sha512-Gd9+TUn5nXdwj/hFsPVx5cuHHiF5Bwuc30jZ4+ronF1qHK5O7HD0sgmXWSEgwKquT3ClLoKPVbO6qGwVwLzvAw=="
    },
    "xmldom-sre": {
      "version": "0.9.0-beta.7",
      "resolved": "https://registry.npmjs.org/xmldom-sre/-/xmldom-sre-0.9.0-beta.7.tgz",
      "integrity": "sha512-4xlknhWYLHPm06WjIhZDt8ys5aljgP5Pf7jygUF8pw+cgC4QBEQIUFBjHhHUbykaHHi+KfbdzO47Wv/k7A+5DQ=="
    }
  }
}
