{
  "name": "MathJax-dev",
  "lockfileVersion": 2,
  "requires": true,
  "packages": {
    "": {
      "dependencies": {
        "mathjax-modern-font": "^1.0.0-beta.5",
        "mhchemparser": "^4.2.1",
        "mj-context-menu": "^0.9.1",
        "speech-rule-engine": "^4.1.0-beta.7"
      }
    },
    "node_modules/@xmldom/xmldom": {
      "version": "0.9.0-beta.8",
      "resolved": "https://registry.npmjs.org/@xmldom/xmldom/-/xmldom-0.9.0-beta.8.tgz",
      "integrity": "sha512-Q5bFbYxRJKTYP7S1a0HIlumTmJRHHMGrNvBp8F1mUEyyGTeCs0g8+FKAaA6tU+YFsZgHKA0eRKzZhYdhpgAHAw==",
      "engines": {
        "node": ">=10.0.0"
      }
    },
    "node_modules/commander": {
      "version": "10.0.0",
      "resolved": "https://registry.npmjs.org/commander/-/commander-10.0.0.tgz",
      "integrity": "sha512-zS5PnTI22FIRM6ylNW8G4Ap0IEOyk62fhLSD0+uHRT9McRCLGpkVNvao4bjimpK/GShynyQkFFxHhwMcETmduA==",
      "engines": {
        "node": ">=14"
      }
    },
    "node_modules/mathjax-modern-font": {
      "version": "1.0.0-beta.5",
      "resolved": "https://registry.npmjs.org/mathjax-modern-font/-/mathjax-modern-font-1.0.0-beta.5.tgz",
      "integrity": "sha512-p3K+PgJ1cMfSo2WBxnqGVAB+DaC8Mf3MJK21WVYzFGz+suzQbT138a/SG3LUToazG8hxTVAHSd3GaMHO9JDTOw=="
    },
    "node_modules/mhchemparser": {
      "version": "4.2.1",
      "resolved": "https://registry.npmjs.org/mhchemparser/-/mhchemparser-4.2.1.tgz",
      "integrity": "sha512-kYmyrCirqJf3zZ9t/0wGgRZ4/ZJw//VwaRVGA75C4nhE60vtnIzhl9J9ndkX/h6hxSN7pjg/cE0VxbnNM+bnDQ=="
    },
    "node_modules/mj-context-menu": {
      "version": "0.9.1",
      "resolved": "https://registry.npmjs.org/mj-context-menu/-/mj-context-menu-0.9.1.tgz",
      "integrity": "sha512-ECPcVXZFRfeYOxb1MWGzctAtnQcZ6nRucE3orfkKX7t/KE2mlXO2K/bq4BcCGOuhdz3Wg2BZDy2S8ECK73/iIw=="
    },
    "node_modules/speech-rule-engine": {
      "version": "4.1.0-beta.7",
      "resolved": "https://registry.npmjs.org/speech-rule-engine/-/speech-rule-engine-4.1.0-beta.7.tgz",
      "integrity": "sha512-e9QntjrfSKDa/w0baCXsoPQRPD9uY0r7q86Jr8ud/5zElzdG0Beiz4mc38kFb/E53c4RuYyZKSKyug8e5cVrpQ==",
      "dependencies": {
        "@xmldom/xmldom": "0.9.0-beta.8",
        "commander": "10.0.0",
        "wicked-good-xpath": "1.3.0"
      },
      "bin": {
        "sre": "bin/sre"
      }
    },
    "node_modules/wicked-good-xpath": {
      "version": "1.3.0",
      "resolved": "https://registry.npmjs.org/wicked-good-xpath/-/wicked-good-xpath-1.3.0.tgz",
      "integrity": "sha512-Gd9+TUn5nXdwj/hFsPVx5cuHHiF5Bwuc30jZ4+ronF1qHK5O7HD0sgmXWSEgwKquT3ClLoKPVbO6qGwVwLzvAw=="
    }
  },
  "dependencies": {
    "@xmldom/xmldom": {
      "version": "0.9.0-beta.8",
      "resolved": "https://registry.npmjs.org/@xmldom/xmldom/-/xmldom-0.9.0-beta.8.tgz",
      "integrity": "sha512-Q5bFbYxRJKTYP7S1a0HIlumTmJRHHMGrNvBp8F1mUEyyGTeCs0g8+FKAaA6tU+YFsZgHKA0eRKzZhYdhpgAHAw=="
    },
    "commander": {
      "version": "10.0.0",
      "resolved": "https://registry.npmjs.org/commander/-/commander-10.0.0.tgz",
      "integrity": "sha512-zS5PnTI22FIRM6ylNW8G4Ap0IEOyk62fhLSD0+uHRT9McRCLGpkVNvao4bjimpK/GShynyQkFFxHhwMcETmduA=="
    },
    "mathjax-modern-font": {
      "version": "1.0.0-beta.5",
      "resolved": "https://registry.npmjs.org/mathjax-modern-font/-/mathjax-modern-font-1.0.0-beta.5.tgz",
      "integrity": "sha512-p3K+PgJ1cMfSo2WBxnqGVAB+DaC8Mf3MJK21WVYzFGz+suzQbT138a/SG3LUToazG8hxTVAHSd3GaMHO9JDTOw=="
    },
    "mhchemparser": {
      "version": "4.2.1",
      "resolved": "https://registry.npmjs.org/mhchemparser/-/mhchemparser-4.2.1.tgz",
      "integrity": "sha512-kYmyrCirqJf3zZ9t/0wGgRZ4/ZJw//VwaRVGA75C4nhE60vtnIzhl9J9ndkX/h6hxSN7pjg/cE0VxbnNM+bnDQ=="
    },
    "mj-context-menu": {
      "version": "0.9.1",
      "resolved": "https://registry.npmjs.org/mj-context-menu/-/mj-context-menu-0.9.1.tgz",
      "integrity": "sha512-ECPcVXZFRfeYOxb1MWGzctAtnQcZ6nRucE3orfkKX7t/KE2mlXO2K/bq4BcCGOuhdz3Wg2BZDy2S8ECK73/iIw=="
    },
    "speech-rule-engine": {
<<<<<<< HEAD
      "version": "4.1.0-beta.5",
      "resolved": "https://registry.npmjs.org/speech-rule-engine/-/speech-rule-engine-4.1.0-beta.5.tgz",
      "integrity": "sha512-agFKDoZbo/Po9Ls7OedLcbjlrjC/W5r7bn9i2zmDysQyHIIunElROglhTbp6UT7FLWvJzha2fqXRwcDIlN3VIA==",
=======
      "version": "4.1.0-beta.7",
      "resolved": "https://registry.npmjs.org/speech-rule-engine/-/speech-rule-engine-4.1.0-beta.7.tgz",
      "integrity": "sha512-e9QntjrfSKDa/w0baCXsoPQRPD9uY0r7q86Jr8ud/5zElzdG0Beiz4mc38kFb/E53c4RuYyZKSKyug8e5cVrpQ==",
>>>>>>> v4-lab
      "requires": {
        "@xmldom/xmldom": "0.9.0-beta.8",
        "commander": "10.0.0",
        "wicked-good-xpath": "1.3.0"
      }
    },
    "wicked-good-xpath": {
      "version": "1.3.0",
      "resolved": "https://registry.npmjs.org/wicked-good-xpath/-/wicked-good-xpath-1.3.0.tgz",
      "integrity": "sha512-Gd9+TUn5nXdwj/hFsPVx5cuHHiF5Bwuc30jZ4+ronF1qHK5O7HD0sgmXWSEgwKquT3ClLoKPVbO6qGwVwLzvAw=="
    }
  }
}
